// !$*UTF8*$!
{
	archiveVersion = 1;
	classes = {
	};
	objectVersion = 46;
	objects = {

/* Begin PBXBuildFile section */
		51FFFBAF7AF88E39C7EFD35E /* libPods-LCNetworking.a in Frameworks */ = {isa = PBXBuildFile; fileRef = 746176CB28E8027E00E03D1A /* libPods-LCNetworking.a */; };
		9D3D12B11E694604000E6D6C /* main.m in Sources */ = {isa = PBXBuildFile; fileRef = 9D3D12B01E694604000E6D6C /* main.m */; };
		9D3D12B41E694604000E6D6C /* AppDelegate.m in Sources */ = {isa = PBXBuildFile; fileRef = 9D3D12B31E694604000E6D6C /* AppDelegate.m */; };
		9D3D12B71E694604000E6D6C /* ViewController.m in Sources */ = {isa = PBXBuildFile; fileRef = 9D3D12B61E694604000E6D6C /* ViewController.m */; };
		9D3D12BA1E694604000E6D6C /* Main.storyboard in Resources */ = {isa = PBXBuildFile; fileRef = 9D3D12B81E694604000E6D6C /* Main.storyboard */; };
		9D3D12BC1E694604000E6D6C /* Assets.xcassets in Resources */ = {isa = PBXBuildFile; fileRef = 9D3D12BB1E694604000E6D6C /* Assets.xcassets */; };
		9D3D12BF1E694604000E6D6C /* LaunchScreen.storyboard in Resources */ = {isa = PBXBuildFile; fileRef = 9D3D12BD1E694604000E6D6C /* LaunchScreen.storyboard */; };
		9DA6FDA71E72773600200BC7 /* LCNetworking.m in Sources */ = {isa = PBXBuildFile; fileRef = 9DA6FDA61E72773600200BC7 /* LCNetworking.m */; };
/* End PBXBuildFile section */

/* Begin PBXFileReference section */
		746176CB28E8027E00E03D1A /* libPods-LCNetworking.a */ = {isa = PBXFileReference; explicitFileType = archive.ar; includeInIndex = 0; path = "libPods-LCNetworking.a"; sourceTree = BUILT_PRODUCTS_DIR; };
		8B131CAB3CA6C791AC1747AF /* Pods-LCNetworking.debug.xcconfig */ = {isa = PBXFileReference; includeInIndex = 1; lastKnownFileType = text.xcconfig; name = "Pods-LCNetworking.debug.xcconfig"; path = "Pods/Target Support Files/Pods-LCNetworking/Pods-LCNetworking.debug.xcconfig"; sourceTree = "<group>"; };
		9D3D12AC1E694604000E6D6C /* LCNetworking.app */ = {isa = PBXFileReference; explicitFileType = wrapper.application; includeInIndex = 0; path = LCNetworking.app; sourceTree = BUILT_PRODUCTS_DIR; };
		9D3D12B01E694604000E6D6C /* main.m */ = {isa = PBXFileReference; lastKnownFileType = sourcecode.c.objc; path = main.m; sourceTree = "<group>"; };
		9D3D12B21E694604000E6D6C /* AppDelegate.h */ = {isa = PBXFileReference; lastKnownFileType = sourcecode.c.h; path = AppDelegate.h; sourceTree = "<group>"; };
		9D3D12B31E694604000E6D6C /* AppDelegate.m */ = {isa = PBXFileReference; lastKnownFileType = sourcecode.c.objc; path = AppDelegate.m; sourceTree = "<group>"; };
		9D3D12B51E694604000E6D6C /* ViewController.h */ = {isa = PBXFileReference; lastKnownFileType = sourcecode.c.h; path = ViewController.h; sourceTree = "<group>"; };
		9D3D12B61E694604000E6D6C /* ViewController.m */ = {isa = PBXFileReference; lastKnownFileType = sourcecode.c.objc; path = ViewController.m; sourceTree = "<group>"; };
		9D3D12B91E694604000E6D6C /* Base */ = {isa = PBXFileReference; lastKnownFileType = file.storyboard; name = Base; path = Base.lproj/Main.storyboard; sourceTree = "<group>"; };
		9D3D12BB1E694604000E6D6C /* Assets.xcassets */ = {isa = PBXFileReference; lastKnownFileType = folder.assetcatalog; path = Assets.xcassets; sourceTree = "<group>"; };
		9D3D12BE1E694604000E6D6C /* Base */ = {isa = PBXFileReference; lastKnownFileType = file.storyboard; name = Base; path = Base.lproj/LaunchScreen.storyboard; sourceTree = "<group>"; };
		9D3D12C01E694604000E6D6C /* Info.plist */ = {isa = PBXFileReference; lastKnownFileType = text.plist.xml; path = Info.plist; sourceTree = "<group>"; };
		9DA6FDA51E72773600200BC7 /* LCNetworking.h */ = {isa = PBXFileReference; fileEncoding = 4; lastKnownFileType = sourcecode.c.h; path = LCNetworking.h; sourceTree = "<group>"; };
		9DA6FDA61E72773600200BC7 /* LCNetworking.m */ = {isa = PBXFileReference; fileEncoding = 4; lastKnownFileType = sourcecode.c.objc; path = LCNetworking.m; sourceTree = "<group>"; };
		F713FF5BC7D8C636B159161F /* Pods-LCNetworking.release.xcconfig */ = {isa = PBXFileReference; includeInIndex = 1; lastKnownFileType = text.xcconfig; name = "Pods-LCNetworking.release.xcconfig"; path = "Pods/Target Support Files/Pods-LCNetworking/Pods-LCNetworking.release.xcconfig"; sourceTree = "<group>"; };
/* End PBXFileReference section */

/* Begin PBXFrameworksBuildPhase section */
		9D3D12A91E694604000E6D6C /* Frameworks */ = {
			isa = PBXFrameworksBuildPhase;
			buildActionMask = 2147483647;
			files = (
				51FFFBAF7AF88E39C7EFD35E /* libPods-LCNetworking.a in Frameworks */,
			);
			runOnlyForDeploymentPostprocessing = 0;
		};
/* End PBXFrameworksBuildPhase section */

/* Begin PBXGroup section */
		28B857277605082C877D5505 /* Frameworks */ = {
			isa = PBXGroup;
			children = (
				746176CB28E8027E00E03D1A /* libPods-LCNetworking.a */,
			);
			name = Frameworks;
			sourceTree = "<group>";
		};
		9D3D12A31E694604000E6D6C = {
			isa = PBXGroup;
			children = (
				9D3D12AE1E694604000E6D6C /* LCNetworking */,
				9D3D12AD1E694604000E6D6C /* Products */,
				A8BC27518CD7845AB3A6D9E5 /* Pods */,
				28B857277605082C877D5505 /* Frameworks */,
			);
			sourceTree = "<group>";
		};
		9D3D12AD1E694604000E6D6C /* Products */ = {
			isa = PBXGroup;
			children = (
				9D3D12AC1E694604000E6D6C /* LCNetworking.app */,
			);
			name = Products;
			sourceTree = "<group>";
		};
		9D3D12AE1E694604000E6D6C /* LCNetworking */ = {
			isa = PBXGroup;
			children = (
				9DA6FDA41E72773600200BC7 /* LCNetWorking */,
				9D3D12B21E694604000E6D6C /* AppDelegate.h */,
				9D3D12B31E694604000E6D6C /* AppDelegate.m */,
				9D3D12B51E694604000E6D6C /* ViewController.h */,
				9D3D12B61E694604000E6D6C /* ViewController.m */,
				9D3D12B81E694604000E6D6C /* Main.storyboard */,
				9D3D12BB1E694604000E6D6C /* Assets.xcassets */,
				9D3D12BD1E694604000E6D6C /* LaunchScreen.storyboard */,
				9D3D12C01E694604000E6D6C /* Info.plist */,
				9D3D12AF1E694604000E6D6C /* Supporting Files */,
			);
			path = LCNetworking;
			sourceTree = "<group>";
		};
		9D3D12AF1E694604000E6D6C /* Supporting Files */ = {
			isa = PBXGroup;
			children = (
				9D3D12B01E694604000E6D6C /* main.m */,
			);
			name = "Supporting Files";
			sourceTree = "<group>";
		};
		9DA6FDA41E72773600200BC7 /* LCNetWorking */ = {
			isa = PBXGroup;
			children = (
				9DA6FDA51E72773600200BC7 /* LCNetworking.h */,
				9DA6FDA61E72773600200BC7 /* LCNetworking.m */,
			);
			path = LCNetWorking;
			sourceTree = "<group>";
		};
		A8BC27518CD7845AB3A6D9E5 /* Pods */ = {
			isa = PBXGroup;
			children = (
				8B131CAB3CA6C791AC1747AF /* Pods-LCNetworking.debug.xcconfig */,
				F713FF5BC7D8C636B159161F /* Pods-LCNetworking.release.xcconfig */,
			);
			name = Pods;
			sourceTree = "<group>";
		};
/* End PBXGroup section */

/* Begin PBXNativeTarget section */
		9D3D12AB1E694604000E6D6C /* LCNetworking */ = {
			isa = PBXNativeTarget;
			buildConfigurationList = 9D3D12C31E694604000E6D6C /* Build configuration list for PBXNativeTarget "LCNetworking" */;
			buildPhases = (
				7230D8C598C2C413659715CE /* [CP] Check Pods Manifest.lock */,
				9D3D12A81E694604000E6D6C /* Sources */,
				9D3D12A91E694604000E6D6C /* Frameworks */,
				9D3D12AA1E694604000E6D6C /* Resources */,
				98DEA03EB6ADF5CE618BD873 /* [CP] Embed Pods Frameworks */,
				C330FB6FE24BC04D9E01DDB0 /* [CP] Copy Pods Resources */,
			);
			buildRules = (
			);
			dependencies = (
			);
			name = LCNetworking;
			productName = LCNetworking;
			productReference = 9D3D12AC1E694604000E6D6C /* LCNetworking.app */;
			productType = "com.apple.product-type.application";
		};
/* End PBXNativeTarget section */

/* Begin PBXProject section */
		9D3D12A41E694604000E6D6C /* Project object */ = {
			isa = PBXProject;
			attributes = {
				LastUpgradeCheck = 0820;
				ORGANIZATIONNAME = lichao;
				TargetAttributes = {
					9D3D12AB1E694604000E6D6C = {
						CreatedOnToolsVersion = 8.2.1;
						DevelopmentTeam = 5BQ569AK73;
						ProvisioningStyle = Automatic;
					};
				};
			};
			buildConfigurationList = 9D3D12A71E694604000E6D6C /* Build configuration list for PBXProject "LCNetworking" */;
			compatibilityVersion = "Xcode 3.2";
			developmentRegion = English;
			hasScannedForEncodings = 0;
			knownRegions = (
				en,
				Base,
			);
			mainGroup = 9D3D12A31E694604000E6D6C;
			productRefGroup = 9D3D12AD1E694604000E6D6C /* Products */;
			projectDirPath = "";
			projectRoot = "";
			targets = (
				9D3D12AB1E694604000E6D6C /* LCNetworking */,
			);
		};
/* End PBXProject section */

/* Begin PBXResourcesBuildPhase section */
		9D3D12AA1E694604000E6D6C /* Resources */ = {
			isa = PBXResourcesBuildPhase;
			buildActionMask = 2147483647;
			files = (
				9D3D12BF1E694604000E6D6C /* LaunchScreen.storyboard in Resources */,
				9D3D12BC1E694604000E6D6C /* Assets.xcassets in Resources */,
				9D3D12BA1E694604000E6D6C /* Main.storyboard in Resources */,
			);
			runOnlyForDeploymentPostprocessing = 0;
		};
/* End PBXResourcesBuildPhase section */

/* Begin PBXShellScriptBuildPhase section */
		7230D8C598C2C413659715CE /* [CP] Check Pods Manifest.lock */ = {
			isa = PBXShellScriptBuildPhase;
			buildActionMask = 2147483647;
			files = (
			);
			inputPaths = (
			);
			name = "[CP] Check Pods Manifest.lock";
			outputPaths = (
			);
			runOnlyForDeploymentPostprocessing = 0;
			shellPath = /bin/sh;
			shellScript = "diff \"${PODS_ROOT}/../Podfile.lock\" \"${PODS_ROOT}/Manifest.lock\" > /dev/null\nif [ $? != 0 ] ; then\n    # print error to STDERR\n    echo \"error: The sandbox is not in sync with the Podfile.lock. Run 'pod install' or update your CocoaPods installation.\" >&2\n    exit 1\nfi\n";
			showEnvVarsInLog = 0;
		};
		98DEA03EB6ADF5CE618BD873 /* [CP] Embed Pods Frameworks */ = {
			isa = PBXShellScriptBuildPhase;
			buildActionMask = 2147483647;
			files = (
			);
			inputPaths = (
			);
			name = "[CP] Embed Pods Frameworks";
			outputPaths = (
			);
			runOnlyForDeploymentPostprocessing = 0;
			shellPath = /bin/sh;
			shellScript = "\"${SRCROOT}/Pods/Target Support Files/Pods-LCNetworking/Pods-LCNetworking-frameworks.sh\"\n";
			showEnvVarsInLog = 0;
		};
		C330FB6FE24BC04D9E01DDB0 /* [CP] Copy Pods Resources */ = {
			isa = PBXShellScriptBuildPhase;
			buildActionMask = 2147483647;
			files = (
			);
			inputPaths = (
			);
			name = "[CP] Copy Pods Resources";
			outputPaths = (
			);
			runOnlyForDeploymentPostprocessing = 0;
			shellPath = /bin/sh;
			shellScript = "\"${SRCROOT}/Pods/Target Support Files/Pods-LCNetworking/Pods-LCNetworking-resources.sh\"\n";
			showEnvVarsInLog = 0;
		};
/* End PBXShellScriptBuildPhase section */

/* Begin PBXSourcesBuildPhase section */
		9D3D12A81E694604000E6D6C /* Sources */ = {
			isa = PBXSourcesBuildPhase;
			buildActionMask = 2147483647;
			files = (
				9DA6FDA71E72773600200BC7 /* LCNetworking.m in Sources */,
				9D3D12B71E694604000E6D6C /* ViewController.m in Sources */,
				9D3D12B41E694604000E6D6C /* AppDelegate.m in Sources */,
				9D3D12B11E694604000E6D6C /* main.m in Sources */,
			);
			runOnlyForDeploymentPostprocessing = 0;
		};
/* End PBXSourcesBuildPhase section */

/* Begin PBXVariantGroup section */
		9D3D12B81E694604000E6D6C /* Main.storyboard */ = {
			isa = PBXVariantGroup;
			children = (
				9D3D12B91E694604000E6D6C /* Base */,
			);
			name = Main.storyboard;
			sourceTree = "<group>";
		};
		9D3D12BD1E694604000E6D6C /* LaunchScreen.storyboard */ = {
			isa = PBXVariantGroup;
			children = (
				9D3D12BE1E694604000E6D6C /* Base */,
			);
			name = LaunchScreen.storyboard;
			sourceTree = "<group>";
		};
/* End PBXVariantGroup section */

/* Begin XCBuildConfiguration section */
		9D3D12C11E694604000E6D6C /* Debug */ = {
			isa = XCBuildConfiguration;
			buildSettings = {
				ALWAYS_SEARCH_USER_PATHS = NO;
				CLANG_ANALYZER_NONNULL = YES;
				CLANG_CXX_LANGUAGE_STANDARD = "gnu++0x";
				CLANG_CXX_LIBRARY = "libc++";
				CLANG_ENABLE_MODULES = YES;
				CLANG_ENABLE_OBJC_ARC = YES;
				CLANG_WARN_BOOL_CONVERSION = YES;
				CLANG_WARN_CONSTANT_CONVERSION = YES;
				CLANG_WARN_DIRECT_OBJC_ISA_USAGE = YES_ERROR;
				CLANG_WARN_DOCUMENTATION_COMMENTS = YES;
				CLANG_WARN_EMPTY_BODY = YES;
				CLANG_WARN_ENUM_CONVERSION = YES;
				CLANG_WARN_INFINITE_RECURSION = YES;
				CLANG_WARN_INT_CONVERSION = YES;
				CLANG_WARN_OBJC_ROOT_CLASS = YES_ERROR;
				CLANG_WARN_SUSPICIOUS_MOVE = YES;
				CLANG_WARN_UNREACHABLE_CODE = YES;
				CLANG_WARN__DUPLICATE_METHOD_MATCH = YES;
				"CODE_SIGN_IDENTITY[sdk=iphoneos*]" = "iPhone Developer";
				COPY_PHASE_STRIP = NO;
				DEBUG_INFORMATION_FORMAT = dwarf;
				ENABLE_STRICT_OBJC_MSGSEND = YES;
				ENABLE_TESTABILITY = YES;
				GCC_C_LANGUAGE_STANDARD = gnu99;
				GCC_DYNAMIC_NO_PIC = NO;
				GCC_NO_COMMON_BLOCKS = YES;
				GCC_OPTIMIZATION_LEVEL = 0;
				GCC_PREPROCESSOR_DEFINITIONS = (
					"DEBUG=1",
					"$(inherited)",
				);
				GCC_WARN_64_TO_32_BIT_CONVERSION = YES;
				GCC_WARN_ABOUT_RETURN_TYPE = YES_ERROR;
				GCC_WARN_UNDECLARED_SELECTOR = YES;
				GCC_WARN_UNINITIALIZED_AUTOS = YES_AGGRESSIVE;
				GCC_WARN_UNUSED_FUNCTION = YES;
				GCC_WARN_UNUSED_VARIABLE = YES;
				IPHONEOS_DEPLOYMENT_TARGET = 10.2;
				MTL_ENABLE_DEBUG_INFO = YES;
				ONLY_ACTIVE_ARCH = YES;
				SDKROOT = iphoneos;
			};
			name = Debug;
		};
		9D3D12C21E694604000E6D6C /* Release */ = {
			isa = XCBuildConfiguration;
			buildSettings = {
				ALWAYS_SEARCH_USER_PATHS = NO;
				CLANG_ANALYZER_NONNULL = YES;
				CLANG_CXX_LANGUAGE_STANDARD = "gnu++0x";
				CLANG_CXX_LIBRARY = "libc++";
				CLANG_ENABLE_MODULES = YES;
				CLANG_ENABLE_OBJC_ARC = YES;
				CLANG_WARN_BOOL_CONVERSION = YES;
				CLANG_WARN_CONSTANT_CONVERSION = YES;
				CLANG_WARN_DIRECT_OBJC_ISA_USAGE = YES_ERROR;
				CLANG_WARN_DOCUMENTATION_COMMENTS = YES;
				CLANG_WARN_EMPTY_BODY = YES;
				CLANG_WARN_ENUM_CONVERSION = YES;
				CLANG_WARN_INFINITE_RECURSION = YES;
				CLANG_WARN_INT_CONVERSION = YES;
				CLANG_WARN_OBJC_ROOT_CLASS = YES_ERROR;
				CLANG_WARN_SUSPICIOUS_MOVE = YES;
				CLANG_WARN_UNREACHABLE_CODE = YES;
				CLANG_WARN__DUPLICATE_METHOD_MATCH = YES;
				"CODE_SIGN_IDENTITY[sdk=iphoneos*]" = "iPhone Developer";
				COPY_PHASE_STRIP = NO;
				DEBUG_INFORMATION_FORMAT = "dwarf-with-dsym";
				ENABLE_NS_ASSERTIONS = NO;
				ENABLE_STRICT_OBJC_MSGSEND = YES;
				GCC_C_LANGUAGE_STANDARD = gnu99;
				GCC_NO_COMMON_BLOCKS = YES;
				GCC_WARN_64_TO_32_BIT_CONVERSION = YES;
				GCC_WARN_ABOUT_RETURN_TYPE = YES_ERROR;
				GCC_WARN_UNDECLARED_SELECTOR = YES;
				GCC_WARN_UNINITIALIZED_AUTOS = YES_AGGRESSIVE;
				GCC_WARN_UNUSED_FUNCTION = YES;
				GCC_WARN_UNUSED_VARIABLE = YES;
				IPHONEOS_DEPLOYMENT_TARGET = 10.2;
				MTL_ENABLE_DEBUG_INFO = NO;
				SDKROOT = iphoneos;
				VALIDATE_PRODUCT = YES;
			};
			name = Release;
		};
		9D3D12C41E694604000E6D6C /* Debug */ = {
			isa = XCBuildConfiguration;
			baseConfigurationReference = 8B131CAB3CA6C791AC1747AF /* Pods-LCNetworking.debug.xcconfig */;
			buildSettings = {
				ASSETCATALOG_COMPILER_APPICON_NAME = AppIcon;
				DEVELOPMENT_TEAM = 5BQ569AK73;
				INFOPLIST_FILE = LCNetworking/Info.plist;
				LD_RUNPATH_SEARCH_PATHS = "$(inherited) @executable_path/Frameworks";
				PRODUCT_BUNDLE_IDENTIFIER = lichao.LCNetworking;
				PRODUCT_NAME = "$(TARGET_NAME)";
			};
			name = Debug;
		};
		9D3D12C51E694604000E6D6C /* Release */ = {
			isa = XCBuildConfiguration;
			baseConfigurationReference = F713FF5BC7D8C636B159161F /* Pods-LCNetworking.release.xcconfig */;
			buildSettings = {
				ASSETCATALOG_COMPILER_APPICON_NAME = AppIcon;
				DEVELOPMENT_TEAM = 5BQ569AK73;
				INFOPLIST_FILE = LCNetworking/Info.plist;
				LD_RUNPATH_SEARCH_PATHS = "$(inherited) @executable_path/Frameworks";
				PRODUCT_BUNDLE_IDENTIFIER = lichao.LCNetworking;
				PRODUCT_NAME = "$(TARGET_NAME)";
			};
			name = Release;
		};
/* End XCBuildConfiguration section */

/* Begin XCConfigurationList section */
		9D3D12A71E694604000E6D6C /* Build configuration list for PBXProject "LCNetworking" */ = {
			isa = XCConfigurationList;
			buildConfigurations = (
				9D3D12C11E694604000E6D6C /* Debug */,
				9D3D12C21E694604000E6D6C /* Release */,
			);
			defaultConfigurationIsVisible = 0;
			defaultConfigurationName = Release;
		};
		9D3D12C31E694604000E6D6C /* Build configuration list for PBXNativeTarget "LCNetworking" */ = {
			isa = XCConfigurationList;
			buildConfigurations = (
				9D3D12C41E694604000E6D6C /* Debug */,
				9D3D12C51E694604000E6D6C /* Release */,
			);
			defaultConfigurationIsVisible = 0;
			defaultConfigurationName = Release;
		};
/* End XCConfigurationList section */
	};
	rootObject = 9D3D12A41E694604000E6D6C /* Project object */;
}
